
Microsoft Visual Studio Solution File, Format Version 12.00
# Visual Studio Version 16
VisualStudioVersion = 16.0.808.8
MinimumVisualStudioVersion = 10.0.40219.1
Project("{FAE04EC0-301F-11D3-BF4B-00C04F79EFBC}") = "Exercises", "Exercises\Exercises.csproj", "{D7C43BE7-A48F-4218-8D35-FEF9483E79A1}"
EndProject
Global
	GlobalSection(SolutionConfigurationPlatforms) = preSolution
		Debug|Any CPU = Debug|Any CPU
		Release|Any CPU = Release|Any CPU
	EndGlobalSection
	GlobalSection(ProjectConfigurationPlatforms) = postSolution
		{D7C43BE7-A48F-4218-8D35-FEF9483E79A1}.Debug|Any CPU.ActiveCfg = Debug|Any CPU
		{D7C43BE7-A48F-4218-8D35-FEF9483E79A1}.Debug|Any CPU.Build.0 = Debug|Any CPU
		{D7C43BE7-A48F-4218-8D35-FEF9483E79A1}.Release|Any CPU.ActiveCfg = Release|Any CPU
		{D7C43BE7-A48F-4218-8D35-FEF9483E79A1}.Release|Any CPU.Build.0 = Release|Any CPU
	EndGlobalSection
	GlobalSection(SolutionProperties) = preSolution
		HideSolutionNode = FALSE
	EndGlobalSection
	GlobalSection(ExtensibilityGlobals) = postSolution
		SolutionGuid = {5F661F4B-C40B-48B8-8BCA-719665B1B814}
	EndGlobalSection
EndGlobal
